// !$*UTF8*$!
{
	archiveVersion = 1;
	classes = {
	};
	objectVersion = 46;
	objects = {

/* Begin PBXBuildFile section */
		D75D2F1B189711CE006B9104 /* Cocoa.framework in Frameworks */ = {isa = PBXBuildFile; fileRef = D75D2F1A189711CE006B9104 /* Cocoa.framework */; };
		D75D2F25189711CE006B9104 /* InfoPlist.strings in Resources */ = {isa = PBXBuildFile; fileRef = D75D2F23189711CE006B9104 /* InfoPlist.strings */; };
		D75D2F27189711CE006B9104 /* main.m in Sources */ = {isa = PBXBuildFile; fileRef = D75D2F26189711CE006B9104 /* main.m */; };
		D75D2F2B189711CE006B9104 /* Credits.rtf in Resources */ = {isa = PBXBuildFile; fileRef = D75D2F29189711CE006B9104 /* Credits.rtf */; };
		D75D2F2E189711CE006B9104 /* APLLAppDelegate.m in Sources */ = {isa = PBXBuildFile; fileRef = D75D2F2D189711CE006B9104 /* APLLAppDelegate.m */; };
		D75D2F31189711CE006B9104 /* MainMenu.xib in Resources */ = {isa = PBXBuildFile; fileRef = D75D2F2F189711CE006B9104 /* MainMenu.xib */; };
		D75D2F33189711CE006B9104 /* Images.xcassets in Resources */ = {isa = PBXBuildFile; fileRef = D75D2F32189711CE006B9104 /* Images.xcassets */; };
		D75D2F3A189711CE006B9104 /* XCTest.framework in Frameworks */ = {isa = PBXBuildFile; fileRef = D75D2F39189711CE006B9104 /* XCTest.framework */; };
		D75D2F3B189711CE006B9104 /* Cocoa.framework in Frameworks */ = {isa = PBXBuildFile; fileRef = D75D2F1A189711CE006B9104 /* Cocoa.framework */; };
		D75D2F43189711CE006B9104 /* InfoPlist.strings in Resources */ = {isa = PBXBuildFile; fileRef = D75D2F41189711CE006B9104 /* InfoPlist.strings */; };
		D75D2F45189711CE006B9104 /* ApolloTests.m in Sources */ = {isa = PBXBuildFile; fileRef = D75D2F44189711CE006B9104 /* ApolloTests.m */; };
		D75D2F52189715B9006B9104 /* APLLLoginViewController.m in Sources */ = {isa = PBXBuildFile; fileRef = D75D2F51189715B9006B9104 /* APLLLoginViewController.m */; };
		D75D2F55189716AC006B9104 /* NSView+APLLView.m in Sources */ = {isa = PBXBuildFile; fileRef = D75D2F54189716AC006B9104 /* NSView+APLLView.m */; };
		D75D2F5A18971D62006B9104 /* APLLButton.m in Sources */ = {isa = PBXBuildFile; fileRef = D75D2F5918971D62006B9104 /* APLLButton.m */; };
		D75D2F5E18972520006B9104 /* Accounts.framework in Frameworks */ = {isa = PBXBuildFile; fileRef = D75D2F5D18972520006B9104 /* Accounts.framework */; };
/* End PBXBuildFile section */

/* Begin PBXContainerItemProxy section */
		D75D2F3C189711CE006B9104 /* PBXContainerItemProxy */ = {
			isa = PBXContainerItemProxy;
			containerPortal = D75D2F0F189711CE006B9104 /* Project object */;
			proxyType = 1;
			remoteGlobalIDString = D75D2F16189711CE006B9104;
			remoteInfo = Apollo;
		};
/* End PBXContainerItemProxy section */

/* Begin PBXFileReference section */
		D75D2F17189711CE006B9104 /* Apollo.app */ = {isa = PBXFileReference; explicitFileType = wrapper.application; includeInIndex = 0; path = Apollo.app; sourceTree = BUILT_PRODUCTS_DIR; };
		D75D2F1A189711CE006B9104 /* Cocoa.framework */ = {isa = PBXFileReference; lastKnownFileType = wrapper.framework; name = Cocoa.framework; path = System/Library/Frameworks/Cocoa.framework; sourceTree = SDKROOT; };
		D75D2F1D189711CE006B9104 /* AppKit.framework */ = {isa = PBXFileReference; lastKnownFileType = wrapper.framework; name = AppKit.framework; path = System/Library/Frameworks/AppKit.framework; sourceTree = SDKROOT; };
		D75D2F1E189711CE006B9104 /* CoreData.framework */ = {isa = PBXFileReference; lastKnownFileType = wrapper.framework; name = CoreData.framework; path = System/Library/Frameworks/CoreData.framework; sourceTree = SDKROOT; };
		D75D2F1F189711CE006B9104 /* Foundation.framework */ = {isa = PBXFileReference; lastKnownFileType = wrapper.framework; name = Foundation.framework; path = System/Library/Frameworks/Foundation.framework; sourceTree = SDKROOT; };
		D75D2F22189711CE006B9104 /* Apollo-Info.plist */ = {isa = PBXFileReference; lastKnownFileType = text.plist.xml; path = "Apollo-Info.plist"; sourceTree = "<group>"; };
		D75D2F24189711CE006B9104 /* en */ = {isa = PBXFileReference; lastKnownFileType = text.plist.strings; name = en; path = en.lproj/InfoPlist.strings; sourceTree = "<group>"; };
		D75D2F26189711CE006B9104 /* main.m */ = {isa = PBXFileReference; lastKnownFileType = sourcecode.c.objc; path = main.m; sourceTree = "<group>"; };
		D75D2F28189711CE006B9104 /* Apollo-Prefix.pch */ = {isa = PBXFileReference; lastKnownFileType = sourcecode.c.h; path = "Apollo-Prefix.pch"; sourceTree = "<group>"; };
		D75D2F2A189711CE006B9104 /* en */ = {isa = PBXFileReference; lastKnownFileType = text.rtf; name = en; path = en.lproj/Credits.rtf; sourceTree = "<group>"; };
		D75D2F2C189711CE006B9104 /* APLLAppDelegate.h */ = {isa = PBXFileReference; lastKnownFileType = sourcecode.c.h; path = APLLAppDelegate.h; sourceTree = "<group>"; };
		D75D2F2D189711CE006B9104 /* APLLAppDelegate.m */ = {isa = PBXFileReference; lastKnownFileType = sourcecode.c.objc; path = APLLAppDelegate.m; sourceTree = "<group>"; };
		D75D2F30189711CE006B9104 /* Base */ = {isa = PBXFileReference; lastKnownFileType = file.xib; name = Base; path = Base.lproj/MainMenu.xib; sourceTree = "<group>"; };
		D75D2F32189711CE006B9104 /* Images.xcassets */ = {isa = PBXFileReference; lastKnownFileType = folder.assetcatalog; path = Images.xcassets; sourceTree = "<group>"; };
		D75D2F38189711CE006B9104 /* ApolloTests.xctest */ = {isa = PBXFileReference; explicitFileType = wrapper.cfbundle; includeInIndex = 0; path = ApolloTests.xctest; sourceTree = BUILT_PRODUCTS_DIR; };
		D75D2F39189711CE006B9104 /* XCTest.framework */ = {isa = PBXFileReference; lastKnownFileType = wrapper.framework; name = XCTest.framework; path = Library/Frameworks/XCTest.framework; sourceTree = DEVELOPER_DIR; };
		D75D2F40189711CE006B9104 /* ApolloTests-Info.plist */ = {isa = PBXFileReference; lastKnownFileType = text.plist.xml; path = "ApolloTests-Info.plist"; sourceTree = "<group>"; };
		D75D2F42189711CE006B9104 /* en */ = {isa = PBXFileReference; lastKnownFileType = text.plist.strings; name = en; path = en.lproj/InfoPlist.strings; sourceTree = "<group>"; };
		D75D2F44189711CE006B9104 /* ApolloTests.m */ = {isa = PBXFileReference; lastKnownFileType = sourcecode.c.objc; path = ApolloTests.m; sourceTree = "<group>"; };
		D75D2F4E1897125D006B9104 /* APLLGlobals.h */ = {isa = PBXFileReference; lastKnownFileType = sourcecode.c.h; path = APLLGlobals.h; sourceTree = "<group>"; };
		D75D2F50189715B9006B9104 /* APLLLoginViewController.h */ = {isa = PBXFileReference; fileEncoding = 4; lastKnownFileType = sourcecode.c.h; path = APLLLoginViewController.h; sourceTree = "<group>"; };
		D75D2F51189715B9006B9104 /* APLLLoginViewController.m */ = {isa = PBXFileReference; fileEncoding = 4; lastKnownFileType = sourcecode.c.objc; path = APLLLoginViewController.m; sourceTree = "<group>"; };
		D75D2F53189716AC006B9104 /* NSView+APLLView.h */ = {isa = PBXFileReference; fileEncoding = 4; lastKnownFileType = sourcecode.c.h; path = "NSView+APLLView.h"; sourceTree = "<group>"; };
		D75D2F54189716AC006B9104 /* NSView+APLLView.m */ = {isa = PBXFileReference; fileEncoding = 4; lastKnownFileType = sourcecode.c.objc; path = "NSView+APLLView.m"; sourceTree = "<group>"; };
		D75D2F5818971D62006B9104 /* APLLButton.h */ = {isa = PBXFileReference; fileEncoding = 4; lastKnownFileType = sourcecode.c.h; path = APLLButton.h; sourceTree = "<group>"; };
		D75D2F5918971D62006B9104 /* APLLButton.m */ = {isa = PBXFileReference; fileEncoding = 4; lastKnownFileType = sourcecode.c.objc; path = APLLButton.m; sourceTree = "<group>"; };
		D75D2F5B1897241D006B9104 /* SystemConfiguration.framework */ = {isa = PBXFileReference; lastKnownFileType = wrapper.framework; name = SystemConfiguration.framework; path = System/Library/Frameworks/SystemConfiguration.framework; sourceTree = SDKROOT; };
		D75D2F5D18972520006B9104 /* Accounts.framework */ = {isa = PBXFileReference; lastKnownFileType = wrapper.framework; name = Accounts.framework; path = System/Library/Frameworks/Accounts.framework; sourceTree = SDKROOT; };
/* End PBXFileReference section */

/* Begin PBXFrameworksBuildPhase section */
		D75D2F14189711CE006B9104 /* Frameworks */ = {
			isa = PBXFrameworksBuildPhase;
			buildActionMask = 2147483647;
			files = (
				D75D2F5E18972520006B9104 /* Accounts.framework in Frameworks */,
				D75D2F1B189711CE006B9104 /* Cocoa.framework in Frameworks */,
			);
			runOnlyForDeploymentPostprocessing = 0;
		};
		D75D2F35189711CE006B9104 /* Frameworks */ = {
			isa = PBXFrameworksBuildPhase;
			buildActionMask = 2147483647;
			files = (
				D75D2F3B189711CE006B9104 /* Cocoa.framework in Frameworks */,
				D75D2F3A189711CE006B9104 /* XCTest.framework in Frameworks */,
			);
			runOnlyForDeploymentPostprocessing = 0;
		};
/* End PBXFrameworksBuildPhase section */

/* Begin PBXGroup section */
		D75D2F0E189711CE006B9104 = {
			isa = PBXGroup;
			children = (
				D75D2F20189711CE006B9104 /* Apollo */,
				D75D2F3E189711CE006B9104 /* ApolloTests */,
				D75D2F19189711CE006B9104 /* Frameworks */,
				D75D2F18189711CE006B9104 /* Products */,
			);
			sourceTree = "<group>";
		};
		D75D2F18189711CE006B9104 /* Products */ = {
			isa = PBXGroup;
			children = (
				D75D2F17189711CE006B9104 /* Apollo.app */,
				D75D2F38189711CE006B9104 /* ApolloTests.xctest */,
			);
			name = Products;
			sourceTree = "<group>";
		};
		D75D2F19189711CE006B9104 /* Frameworks */ = {
			isa = PBXGroup;
			children = (
				D75D2F5D18972520006B9104 /* Accounts.framework */,
				D75D2F5B1897241D006B9104 /* SystemConfiguration.framework */,
				D75D2F1A189711CE006B9104 /* Cocoa.framework */,
				D75D2F39189711CE006B9104 /* XCTest.framework */,
				D75D2F1C189711CE006B9104 /* Other Frameworks */,
			);
			name = Frameworks;
			sourceTree = "<group>";
		};
		D75D2F1C189711CE006B9104 /* Other Frameworks */ = {
			isa = PBXGroup;
			children = (
				D75D2F1D189711CE006B9104 /* AppKit.framework */,
				D75D2F1E189711CE006B9104 /* CoreData.framework */,
				D75D2F1F189711CE006B9104 /* Foundation.framework */,
			);
			name = "Other Frameworks";
			sourceTree = "<group>";
		};
		D75D2F20189711CE006B9104 /* Apollo */ = {
			isa = PBXGroup;
			children = (
				D75D2F5718971D52006B9104 /* Subclasses */,
				D75D2F56189716B0006B9104 /* Categories */,
				D75D2F4F189715A9006B9104 /* Main VIews */,
				D75D2F2C189711CE006B9104 /* APLLAppDelegate.h */,
				D75D2F2D189711CE006B9104 /* APLLAppDelegate.m */,
				D75D2F2F189711CE006B9104 /* MainMenu.xib */,
				D75D2F32189711CE006B9104 /* Images.xcassets */,
				D75D2F21189711CE006B9104 /* Supporting Files */,
			);
			path = Apollo;
			sourceTree = "<group>";
		};
		D75D2F21189711CE006B9104 /* Supporting Files */ = {
			isa = PBXGroup;
			children = (
				D75D2F22189711CE006B9104 /* Apollo-Info.plist */,
				D75D2F23189711CE006B9104 /* InfoPlist.strings */,
				D75D2F26189711CE006B9104 /* main.m */,
				D75D2F28189711CE006B9104 /* Apollo-Prefix.pch */,
				D75D2F29189711CE006B9104 /* Credits.rtf */,
				D75D2F4E1897125D006B9104 /* APLLGlobals.h */,
			);
			name = "Supporting Files";
			sourceTree = "<group>";
		};
		D75D2F3E189711CE006B9104 /* ApolloTests */ = {
			isa = PBXGroup;
			children = (
				D75D2F44189711CE006B9104 /* ApolloTests.m */,
				D75D2F3F189711CE006B9104 /* Supporting Files */,
			);
			path = ApolloTests;
			sourceTree = "<group>";
		};
		D75D2F3F189711CE006B9104 /* Supporting Files */ = {
			isa = PBXGroup;
			children = (
				D75D2F40189711CE006B9104 /* ApolloTests-Info.plist */,
				D75D2F41189711CE006B9104 /* InfoPlist.strings */,
			);
			name = "Supporting Files";
			sourceTree = "<group>";
		};
		D75D2F4F189715A9006B9104 /* Main VIews */ = {
			isa = PBXGroup;
			children = (
				D75D2F50189715B9006B9104 /* APLLLoginViewController.h */,
				D75D2F51189715B9006B9104 /* APLLLoginViewController.m */,
			);
			name = "Main VIews";
			sourceTree = "<group>";
		};
		D75D2F56189716B0006B9104 /* Categories */ = {
			isa = PBXGroup;
			children = (
				D75D2F53189716AC006B9104 /* NSView+APLLView.h */,
				D75D2F54189716AC006B9104 /* NSView+APLLView.m */,
			);
			name = Categories;
			sourceTree = "<group>";
		};
		D75D2F5718971D52006B9104 /* Subclasses */ = {
			isa = PBXGroup;
			children = (
				D75D2F5818971D62006B9104 /* APLLButton.h */,
				D75D2F5918971D62006B9104 /* APLLButton.m */,
			);
			name = Subclasses;
			sourceTree = "<group>";
		};
/* End PBXGroup section */

/* Begin PBXNativeTarget section */
		D75D2F16189711CE006B9104 /* Apollo */ = {
			isa = PBXNativeTarget;
			buildConfigurationList = D75D2F48189711CE006B9104 /* Build configuration list for PBXNativeTarget "Apollo" */;
			buildPhases = (
				D75D2F13189711CE006B9104 /* Sources */,
				D75D2F14189711CE006B9104 /* Frameworks */,
				D75D2F15189711CE006B9104 /* Resources */,
			);
			buildRules = (
			);
			dependencies = (
			);
			name = Apollo;
			productName = Apollo;
			productReference = D75D2F17189711CE006B9104 /* Apollo.app */;
			productType = "com.apple.product-type.application";
		};
		D75D2F37189711CE006B9104 /* ApolloTests */ = {
			isa = PBXNativeTarget;
			buildConfigurationList = D75D2F4B189711CE006B9104 /* Build configuration list for PBXNativeTarget "ApolloTests" */;
			buildPhases = (
				D75D2F34189711CE006B9104 /* Sources */,
				D75D2F35189711CE006B9104 /* Frameworks */,
				D75D2F36189711CE006B9104 /* Resources */,
			);
			buildRules = (
			);
			dependencies = (
				D75D2F3D189711CE006B9104 /* PBXTargetDependency */,
			);
			name = ApolloTests;
			productName = ApolloTests;
			productReference = D75D2F38189711CE006B9104 /* ApolloTests.xctest */;
			productType = "com.apple.product-type.bundle.unit-test";
		};
/* End PBXNativeTarget section */

/* Begin PBXProject section */
		D75D2F0F189711CE006B9104 /* Project object */ = {
			isa = PBXProject;
			attributes = {
				CLASSPREFIX = APLL;
				LastUpgradeCheck = 0500;
				TargetAttributes = {
					D75D2F37189711CE006B9104 = {
						TestTargetID = D75D2F16189711CE006B9104;
					};
				};
			};
			buildConfigurationList = D75D2F12189711CE006B9104 /* Build configuration list for PBXProject "Apollo" */;
			compatibilityVersion = "Xcode 3.2";
			developmentRegion = English;
			hasScannedForEncodings = 0;
			knownRegions = (
				en,
				Base,
			);
			mainGroup = D75D2F0E189711CE006B9104;
			productRefGroup = D75D2F18189711CE006B9104 /* Products */;
			projectDirPath = "";
			projectRoot = "";
			targets = (
				D75D2F16189711CE006B9104 /* Apollo */,
				D75D2F37189711CE006B9104 /* ApolloTests */,
			);
		};
/* End PBXProject section */

/* Begin PBXResourcesBuildPhase section */
		D75D2F15189711CE006B9104 /* Resources */ = {
			isa = PBXResourcesBuildPhase;
			buildActionMask = 2147483647;
			files = (
				D75D2F25189711CE006B9104 /* InfoPlist.strings in Resources */,
				D75D2F33189711CE006B9104 /* Images.xcassets in Resources */,
				D75D2F2B189711CE006B9104 /* Credits.rtf in Resources */,
				D75D2F31189711CE006B9104 /* MainMenu.xib in Resources */,
			);
			runOnlyForDeploymentPostprocessing = 0;
		};
		D75D2F36189711CE006B9104 /* Resources */ = {
			isa = PBXResourcesBuildPhase;
			buildActionMask = 2147483647;
			files = (
				D75D2F43189711CE006B9104 /* InfoPlist.strings in Resources */,
			);
			runOnlyForDeploymentPostprocessing = 0;
		};
/* End PBXResourcesBuildPhase section */

/* Begin PBXSourcesBuildPhase section */
		D75D2F13189711CE006B9104 /* Sources */ = {
			isa = PBXSourcesBuildPhase;
			buildActionMask = 2147483647;
			files = (
				D75D2F5A18971D62006B9104 /* APLLButton.m in Sources */,
				D75D2F27189711CE006B9104 /* main.m in Sources */,
				D75D2F2E189711CE006B9104 /* APLLAppDelegate.m in Sources */,
				D75D2F52189715B9006B9104 /* APLLLoginViewController.m in Sources */,
				D75D2F55189716AC006B9104 /* NSView+APLLView.m in Sources */,
			);
			runOnlyForDeploymentPostprocessing = 0;
		};
		D75D2F34189711CE006B9104 /* Sources */ = {
			isa = PBXSourcesBuildPhase;
			buildActionMask = 2147483647;
			files = (
				D75D2F45189711CE006B9104 /* ApolloTests.m in Sources */,
			);
			runOnlyForDeploymentPostprocessing = 0;
		};
/* End PBXSourcesBuildPhase section */

/* Begin PBXTargetDependency section */
		D75D2F3D189711CE006B9104 /* PBXTargetDependency */ = {
			isa = PBXTargetDependency;
			target = D75D2F16189711CE006B9104 /* Apollo */;
			targetProxy = D75D2F3C189711CE006B9104 /* PBXContainerItemProxy */;
		};
/* End PBXTargetDependency section */

/* Begin PBXVariantGroup section */
		D75D2F23189711CE006B9104 /* InfoPlist.strings */ = {
			isa = PBXVariantGroup;
			children = (
				D75D2F24189711CE006B9104 /* en */,
			);
			name = InfoPlist.strings;
			sourceTree = "<group>";
		};
		D75D2F29189711CE006B9104 /* Credits.rtf */ = {
			isa = PBXVariantGroup;
			children = (
				D75D2F2A189711CE006B9104 /* en */,
			);
			name = Credits.rtf;
			sourceTree = "<group>";
		};
		D75D2F2F189711CE006B9104 /* MainMenu.xib */ = {
			isa = PBXVariantGroup;
			children = (
				D75D2F30189711CE006B9104 /* Base */,
			);
			name = MainMenu.xib;
			sourceTree = "<group>";
		};
		D75D2F41189711CE006B9104 /* InfoPlist.strings */ = {
			isa = PBXVariantGroup;
			children = (
				D75D2F42189711CE006B9104 /* en */,
			);
			name = InfoPlist.strings;
			sourceTree = "<group>";
		};
/* End PBXVariantGroup section */

/* Begin XCBuildConfiguration section */
		D75D2F46189711CE006B9104 /* Debug */ = {
			isa = XCBuildConfiguration;
			buildSettings = {
				ALWAYS_SEARCH_USER_PATHS = NO;
				CLANG_CXX_LANGUAGE_STANDARD = "gnu++0x";
				CLANG_CXX_LIBRARY = "libc++";
				CLANG_ENABLE_OBJC_ARC = YES;
				CLANG_WARN_BOOL_CONVERSION = YES;
				CLANG_WARN_CONSTANT_CONVERSION = YES;
				CLANG_WARN_DIRECT_OBJC_ISA_USAGE = YES_ERROR;
				CLANG_WARN_EMPTY_BODY = YES;
				CLANG_WARN_ENUM_CONVERSION = YES;
				CLANG_WARN_INT_CONVERSION = YES;
				CLANG_WARN_OBJC_ROOT_CLASS = YES_ERROR;
				CLANG_WARN__DUPLICATE_METHOD_MATCH = YES;
				COPY_PHASE_STRIP = NO;
				GCC_C_LANGUAGE_STANDARD = gnu99;
				GCC_DYNAMIC_NO_PIC = NO;
				GCC_ENABLE_OBJC_EXCEPTIONS = YES;
				GCC_OPTIMIZATION_LEVEL = 0;
				GCC_PREPROCESSOR_DEFINITIONS = (
					"DEBUG=1",
					"$(inherited)",
				);
				GCC_SYMBOLS_PRIVATE_EXTERN = NO;
				GCC_WARN_64_TO_32_BIT_CONVERSION = YES;
				GCC_WARN_ABOUT_RETURN_TYPE = YES_ERROR;
				GCC_WARN_UNDECLARED_SELECTOR = YES;
				GCC_WARN_UNINITIALIZED_AUTOS = YES;
				GCC_WARN_UNUSED_FUNCTION = YES;
				GCC_WARN_UNUSED_VARIABLE = YES;
				MACOSX_DEPLOYMENT_TARGET = 10.9;
				ONLY_ACTIVE_ARCH = YES;
				SDKROOT = macosx;
			};
			name = Debug;
		};
		D75D2F47189711CE006B9104 /* Release */ = {
			isa = XCBuildConfiguration;
			buildSettings = {
				ALWAYS_SEARCH_USER_PATHS = NO;
				CLANG_CXX_LANGUAGE_STANDARD = "gnu++0x";
				CLANG_CXX_LIBRARY = "libc++";
				CLANG_ENABLE_OBJC_ARC = YES;
				CLANG_WARN_BOOL_CONVERSION = YES;
				CLANG_WARN_CONSTANT_CONVERSION = YES;
				CLANG_WARN_DIRECT_OBJC_ISA_USAGE = YES_ERROR;
				CLANG_WARN_EMPTY_BODY = YES;
				CLANG_WARN_ENUM_CONVERSION = YES;
				CLANG_WARN_INT_CONVERSION = YES;
				CLANG_WARN_OBJC_ROOT_CLASS = YES_ERROR;
				CLANG_WARN__DUPLICATE_METHOD_MATCH = YES;
				COPY_PHASE_STRIP = YES;
				DEBUG_INFORMATION_FORMAT = "dwarf-with-dsym";
				ENABLE_NS_ASSERTIONS = NO;
				GCC_C_LANGUAGE_STANDARD = gnu99;
				GCC_ENABLE_OBJC_EXCEPTIONS = YES;
				GCC_WARN_64_TO_32_BIT_CONVERSION = YES;
				GCC_WARN_ABOUT_RETURN_TYPE = YES_ERROR;
				GCC_WARN_UNDECLARED_SELECTOR = YES;
				GCC_WARN_UNINITIALIZED_AUTOS = YES;
				GCC_WARN_UNUSED_FUNCTION = YES;
				GCC_WARN_UNUSED_VARIABLE = YES;
				MACOSX_DEPLOYMENT_TARGET = 10.9;
				SDKROOT = macosx;
			};
			name = Release;
		};
		D75D2F49189711CE006B9104 /* Debug */ = {
			isa = XCBuildConfiguration;
			buildSettings = {
				ASSETCATALOG_COMPILER_APPICON_NAME = AppIcon;
				COMBINE_HIDPI_IMAGES = YES;
				GCC_PRECOMPILE_PREFIX_HEADER = YES;
				GCC_PREFIX_HEADER = "Apollo/Apollo-Prefix.pch";
				INFOPLIST_FILE = "Apollo/Apollo-Info.plist";
				PRODUCT_NAME = "$(TARGET_NAME)";
				WRAPPER_EXTENSION = app;
			};
			name = Debug;
		};
		D75D2F4A189711CE006B9104 /* Release */ = {
			isa = XCBuildConfiguration;
			buildSettings = {
				ASSETCATALOG_COMPILER_APPICON_NAME = AppIcon;
				COMBINE_HIDPI_IMAGES = YES;
				GCC_PRECOMPILE_PREFIX_HEADER = YES;
				GCC_PREFIX_HEADER = "Apollo/Apollo-Prefix.pch";
				INFOPLIST_FILE = "Apollo/Apollo-Info.plist";
				PRODUCT_NAME = "$(TARGET_NAME)";
				WRAPPER_EXTENSION = app;
			};
			name = Release;
		};
		D75D2F4C189711CE006B9104 /* Debug */ = {
			isa = XCBuildConfiguration;
			buildSettings = {
				BUNDLE_LOADER = "$(BUILT_PRODUCTS_DIR)/Apollo.app/Contents/MacOS/Apollo";
				COMBINE_HIDPI_IMAGES = YES;
				FRAMEWORK_SEARCH_PATHS = (
					"$(DEVELOPER_FRAMEWORKS_DIR)",
					"$(inherited)",
				);
				GCC_PRECOMPILE_PREFIX_HEADER = YES;
				GCC_PREFIX_HEADER = "Apollo/Apollo-Prefix.pch";
				GCC_PREPROCESSOR_DEFINITIONS = (
					"DEBUG=1",
					"$(inherited)",
				);
				INFOPLIST_FILE = "ApolloTests/ApolloTests-Info.plist";
				PRODUCT_NAME = "$(TARGET_NAME)";
				TEST_HOST = "$(BUNDLE_LOADER)";
				WRAPPER_EXTENSION = xctest;
			};
			name = Debug;
		};
		D75D2F4D189711CE006B9104 /* Release */ = {
			isa = XCBuildConfiguration;
			buildSettings = {
				BUNDLE_LOADER = "$(BUILT_PRODUCTS_DIR)/Apollo.app/Contents/MacOS/Apollo";
				COMBINE_HIDPI_IMAGES = YES;
				FRAMEWORK_SEARCH_PATHS = (
					"$(DEVELOPER_FRAMEWORKS_DIR)",
					"$(inherited)",
				);
				GCC_PRECOMPILE_PREFIX_HEADER = YES;
				GCC_PREFIX_HEADER = "Apollo/Apollo-Prefix.pch";
				INFOPLIST_FILE = "ApolloTests/ApolloTests-Info.plist";
				PRODUCT_NAME = "$(TARGET_NAME)";
				TEST_HOST = "$(BUNDLE_LOADER)";
				WRAPPER_EXTENSION = xctest;
			};
			name = Release;
		};
/* End XCBuildConfiguration section */

/* Begin XCConfigurationList section */
		D75D2F12189711CE006B9104 /* Build configuration list for PBXProject "Apollo" */ = {
			isa = XCConfigurationList;
			buildConfigurations = (
				D75D2F46189711CE006B9104 /* Debug */,
				D75D2F47189711CE006B9104 /* Release */,
			);
			defaultConfigurationIsVisible = 0;
			defaultConfigurationName = Release;
		};
		D75D2F48189711CE006B9104 /* Build configuration list for PBXNativeTarget "Apollo" */ = {
			isa = XCConfigurationList;
			buildConfigurations = (
				D75D2F49189711CE006B9104 /* Debug */,
				D75D2F4A189711CE006B9104 /* Release */,
			);
			defaultConfigurationIsVisible = 0;
		};
		D75D2F4B189711CE006B9104 /* Build configuration list for PBXNativeTarget "ApolloTests" */ = {
			isa = XCConfigurationList;
			buildConfigurations = (
				D75D2F4C189711CE006B9104 /* Debug */,
				D75D2F4D189711CE006B9104 /* Release */,
			);
			defaultConfigurationIsVisible = 0;
		};
/* End XCConfigurationList section */
	};
	rootObject = D75D2F0F189711CE006B9104 /* Project object */;
}
